# generated by rye
# use `rye lock` or `rye sync` to update this lockfile
#
# last locked with the following flags:
#   pre: false
#   features: []
#   all-features: false
#   with-sources: false
#   generate-hashes: false
#   universal: false

-e file:.
aiohappyeyeballs==2.4.4
    # via aiohttp
aiohttp==3.11.11
    # via langchain
aiosignal==1.3.2
    # via aiohttp
annotated-types==0.7.0
    # via pydantic
anyio==4.8.0
    # via httpx
    # via openai
    # via pycrdt
    # via starlette
    # via watchfiles
attrs==25.1.0
    # via aiohttp
certifi==2024.12.14
    # via httpcore
    # via httpx
    # via requests
charset-normalizer==3.4.1
    # via requests
click==8.1.8
    # via marimo
    # via rich-toolkit
    # via typer
    # via uvicorn
distro==1.9.0
    # via openai
dnspython==2.7.0
    # via email-validator
docutils==0.21.2
    # via marimo
email-validator==2.2.0
    # via fastapi
fastapi==0.115.7
    # via hackathon-p
fastapi-cli==0.0.7
    # via fastapi
frozenlist==1.5.0
    # via aiohttp
    # via aiosignal
h11==0.14.0
    # via httpcore
    # via uvicorn
httpcore==1.0.7
    # via httpx
httptools==0.6.4
    # via uvicorn
httpx==0.28.1
    # via fastapi
    # via langsmith
    # via openai
idna==3.10
    # via anyio
    # via email-validator
    # via httpx
    # via requests
    # via yarl
itsdangerous==2.2.0
    # via marimo
jedi==0.19.2
    # via marimo
jinja2==3.1.5
    # via fastapi
jiter==0.8.2
    # via openai
jsonpatch==1.33
    # via langchain-core
jsonpointer==3.0.0
    # via jsonpatch
langchain==0.3.15
    # via hackathon-p
langchain-core==0.3.31
    # via langchain
    # via langchain-openai
    # via langchain-text-splitters
langchain-openai==0.3.2
    # via hackathon-p
langchain-text-splitters==0.3.5
    # via langchain
langsmith==0.3.1
    # via langchain
    # via langchain-core
marimo==0.10.17
markdown==3.7
    # via marimo
    # via pymdown-extensions
markdown-it-py==3.0.0
    # via rich
markupsafe==3.0.2
    # via jinja2
mdurl==0.1.2
    # via markdown-it-py
multidict==6.1.0
    # via aiohttp
    # via yarl
narwhals==1.23.0
    # via marimo
numpy==2.2.2
    # via langchain
openai==1.60.1
    # via hackathon-p
    # via langchain-openai
orjson==3.10.15
    # via langsmith
packaging==24.2
    # via langchain-core
    # via marimo
parso==0.8.4
    # via jedi
propcache==0.2.1
    # via aiohttp
    # via yarl
psutil==6.1.1
    # via marimo
pycrdt==0.11.1
    # via marimo
pydantic==2.10.6
    # via fastapi
    # via hackathon-p
    # via langchain
    # via langchain-core
    # via langsmith
    # via openai
pydantic-core==2.27.2
    # via pydantic
pygments==2.19.1
    # via marimo
    # via rich
pymdown-extensions==10.14.1
    # via marimo
python-dotenv==1.0.1
    # via hackathon-p
    # via uvicorn
python-multipart==0.0.20
    # via fastapi
pyyaml==6.0.2
    # via langchain
    # via langchain-core
    # via marimo
    # via pymdown-extensions
    # via uvicorn
regex==2024.11.6
    # via tiktoken
requests==2.32.3
    # via hackathon-p
    # via langchain
    # via langsmith
    # via requests-toolbelt
    # via tiktoken
requests-toolbelt==1.0.0
    # via langsmith
rich==13.9.4
    # via rich-toolkit
    # via typer
rich-toolkit==0.13.2
    # via fastapi-cli
ruff==0.9.3
    # via marimo
shellingham==1.5.4
    # via typer
sniffio==1.3.1
    # via anyio
    # via openai
sqlalchemy==2.0.37
    # via langchain
starlette==0.45.3
    # via fastapi
    # via marimo
tenacity==9.0.0
    # via langchain
    # via langchain-core
tiktoken==0.8.0
    # via langchain-openai
tomlkit==0.13.2
    # via marimo
tqdm==4.67.1
    # via openai
typer==0.15.1
    # via fastapi-cli
typing-extensions==4.12.2
    # via anyio
    # via fastapi
    # via langchain-core
    # via openai
    # via pydantic
    # via pydantic-core
    # via rich-toolkit
    # via sqlalchemy
    # via typer
urllib3==2.3.0
    # via requests
uvicorn==0.34.0
    # via fastapi
    # via fastapi-cli
    # via marimo
uvloop==0.21.0
    # via uvicorn
watchfiles==1.0.4
    # via uvicorn
websockets==14.2
    # via marimo
    # via uvicorn
yarl==1.18.3
    # via aiohttp
zstandard==0.23.0
    # via langsmith
